
Microsoft Visual Studio Solution File, Format Version 12.00
# Visual Studio Version 16
VisualStudioVersion = 16.0.31402.337
MinimumVisualStudioVersion = 10.0.40219.1
Project("{FAE04EC0-301F-11D3-BF4B-00C04F79EFBC}") = "deivisejercicio", "deivisejercicio\deivisejercicio.csproj", "{56D4D734-0973-4152-8FD5-F375DE937AD4}"
EndProject
Global
	GlobalSection(SolutionConfigurationPlatforms) = preSolution
		Debug|Any CPU = Debug|Any CPU
		Release|Any CPU = Release|Any CPU
	EndGlobalSection
	GlobalSection(ProjectConfigurationPlatforms) = postSolution
		{56D4D734-0973-4152-8FD5-F375DE937AD4}.Debug|Any CPU.ActiveCfg = Debug|Any CPU
		{56D4D734-0973-4152-8FD5-F375DE937AD4}.Debug|Any CPU.Build.0 = Debug|Any CPU
		{56D4D734-0973-4152-8FD5-F375DE937AD4}.Release|Any CPU.ActiveCfg = Release|Any CPU
		{56D4D734-0973-4152-8FD5-F375DE937AD4}.Release|Any CPU.Build.0 = Release|Any CPU
	EndGlobalSection
	GlobalSection(SolutionProperties) = preSolution
		HideSolutionNode = FALSE
	EndGlobalSection
	GlobalSection(ExtensibilityGlobals) = postSolution
		SolutionGuid = {734D18B6-0607-4747-84DE-49C8ACE2D39D}
	EndGlobalSection
EndGlobal
